// !$*UTF8*$!
{
	archiveVersion = 1;
	classes = {
	};
	objectVersion = 56;
	objects = {

/* Begin PBXBuildFile section */
		C380F2C22BC98B3A00BF7E33 /* Alamofire in Frameworks */ = {isa = PBXBuildFile; productRef = C380F2C12BC98B3A00BF7E33 /* Alamofire */; };
		C380F2C42BC98B3A00BF7E33 /* AlamofireDynamic in Frameworks */ = {isa = PBXBuildFile; productRef = C380F2C32BC98B3A00BF7E33 /* AlamofireDynamic */; };
		C380F2C62BC98B9B00BF7E33 /* NetworkHelper.swift in Sources */ = {isa = PBXBuildFile; fileRef = C380F2C52BC98B9B00BF7E33 /* NetworkHelper.swift */; };
		C380F2C82BC98BC100BF7E33 /* NetworkManager.swift in Sources */ = {isa = PBXBuildFile; fileRef = C380F2C72BC98BC100BF7E33 /* NetworkManager.swift */; };
		C380F2CA2BC997EA00BF7E33 /* HomeViewModel.swift in Sources */ = {isa = PBXBuildFile; fileRef = C380F2C92BC997EA00BF7E33 /* HomeViewModel.swift */; };
		C380F2CD2BC9987800BF7E33 /* HomeViewController+MapView.swift in Sources */ = {isa = PBXBuildFile; fileRef = C380F2CC2BC9987800BF7E33 /* HomeViewController+MapView.swift */; };
		C380F2CF2BC99A7900BF7E33 /* Bus.swift in Sources */ = {isa = PBXBuildFile; fileRef = C380F2CE2BC99A7900BF7E33 /* Bus.swift */; };
		C3F666BE2BC71272009AFAD9 /* AppDelegate.swift in Sources */ = {isa = PBXBuildFile; fileRef = C3F666BD2BC71272009AFAD9 /* AppDelegate.swift */; };
		C3F666C02BC71272009AFAD9 /* SceneDelegate.swift in Sources */ = {isa = PBXBuildFile; fileRef = C3F666BF2BC71272009AFAD9 /* SceneDelegate.swift */; };
		C3F666C22BC71272009AFAD9 /* HomeViewController.swift in Sources */ = {isa = PBXBuildFile; fileRef = C3F666C12BC71272009AFAD9 /* HomeViewController.swift */; };
		C3F666C52BC71272009AFAD9 /* Main.storyboard in Resources */ = {isa = PBXBuildFile; fileRef = C3F666C32BC71272009AFAD9 /* Main.storyboard */; };
		C3F666C72BC71273009AFAD9 /* Assets.xcassets in Resources */ = {isa = PBXBuildFile; fileRef = C3F666C62BC71273009AFAD9 /* Assets.xcassets */; };
		C3F666CA2BC71273009AFAD9 /* LaunchScreen.storyboard in Resources */ = {isa = PBXBuildFile; fileRef = C3F666C82BC71273009AFAD9 /* LaunchScreen.storyboard */; };
/* End PBXBuildFile section */

/* Begin PBXFileReference section */
		C380F2C52BC98B9B00BF7E33 /* NetworkHelper.swift */ = {isa = PBXFileReference; lastKnownFileType = sourcecode.swift; path = NetworkHelper.swift; sourceTree = "<group>"; };
		C380F2C72BC98BC100BF7E33 /* NetworkManager.swift */ = {isa = PBXFileReference; lastKnownFileType = sourcecode.swift; path = NetworkManager.swift; sourceTree = "<group>"; };
		C380F2C92BC997EA00BF7E33 /* HomeViewModel.swift */ = {isa = PBXFileReference; lastKnownFileType = sourcecode.swift; path = HomeViewModel.swift; sourceTree = "<group>"; };
		C380F2CC2BC9987800BF7E33 /* HomeViewController+MapView.swift */ = {isa = PBXFileReference; lastKnownFileType = sourcecode.swift; path = "HomeViewController+MapView.swift"; sourceTree = "<group>"; };
		C380F2CE2BC99A7900BF7E33 /* Bus.swift */ = {isa = PBXFileReference; lastKnownFileType = sourcecode.swift; path = Bus.swift; sourceTree = "<group>"; };
		C3F666BA2BC71272009AFAD9 /* RingApp.app */ = {isa = PBXFileReference; explicitFileType = wrapper.application; includeInIndex = 0; path = RingApp.app; sourceTree = BUILT_PRODUCTS_DIR; };
		C3F666BD2BC71272009AFAD9 /* AppDelegate.swift */ = {isa = PBXFileReference; lastKnownFileType = sourcecode.swift; path = AppDelegate.swift; sourceTree = "<group>"; };
		C3F666BF2BC71272009AFAD9 /* SceneDelegate.swift */ = {isa = PBXFileReference; lastKnownFileType = sourcecode.swift; path = SceneDelegate.swift; sourceTree = "<group>"; };
		C3F666C12BC71272009AFAD9 /* HomeViewController.swift */ = {isa = PBXFileReference; lastKnownFileType = sourcecode.swift; path = HomeViewController.swift; sourceTree = "<group>"; };
		C3F666C42BC71272009AFAD9 /* Base */ = {isa = PBXFileReference; lastKnownFileType = file.storyboard; name = Base; path = Base.lproj/Main.storyboard; sourceTree = "<group>"; };
		C3F666C62BC71273009AFAD9 /* Assets.xcassets */ = {isa = PBXFileReference; lastKnownFileType = folder.assetcatalog; path = Assets.xcassets; sourceTree = "<group>"; };
		C3F666C92BC71273009AFAD9 /* Base */ = {isa = PBXFileReference; lastKnownFileType = file.storyboard; name = Base; path = Base.lproj/LaunchScreen.storyboard; sourceTree = "<group>"; };
		C3F666CB2BC71273009AFAD9 /* Info.plist */ = {isa = PBXFileReference; lastKnownFileType = text.plist.xml; path = Info.plist; sourceTree = "<group>"; };
/* End PBXFileReference section */

/* Begin PBXFrameworksBuildPhase section */
		C3F666B72BC71272009AFAD9 /* Frameworks */ = {
			isa = PBXFrameworksBuildPhase;
			buildActionMask = 2147483647;
			files = (
				C380F2C22BC98B3A00BF7E33 /* Alamofire in Frameworks */,
				C380F2C42BC98B3A00BF7E33 /* AlamofireDynamic in Frameworks */,
			);
			runOnlyForDeploymentPostprocessing = 0;
		};
/* End PBXFrameworksBuildPhase section */

/* Begin PBXGroup section */
		C380F2BA2BC9897000BF7E33 /* Feature */ = {
			isa = PBXGroup;
			children = (
				C380F2BC2BC989AB00BF7E33 /* NetworkLayer */,
				C380F2BF2BC989CD00BF7E33 /* Model */,
				C380F2BE2BC989C900BF7E33 /* View */,
				C380F2BD2BC989B600BF7E33 /* ViewModel */,
			);
			path = Feature;
			sourceTree = "<group>";
		};
		C380F2BB2BC9897700BF7E33 /* Core */ = {
			isa = PBXGroup;
			children = (
				C3F666BD2BC71272009AFAD9 /* AppDelegate.swift */,
				C3F666BF2BC71272009AFAD9 /* SceneDelegate.swift */,
				C3F666C62BC71273009AFAD9 /* Assets.xcassets */,
			);
			path = Core;
			sourceTree = "<group>";
		};
		C380F2BC2BC989AB00BF7E33 /* NetworkLayer */ = {
			isa = PBXGroup;
			children = (
				C380F2C52BC98B9B00BF7E33 /* NetworkHelper.swift */,
				C380F2C72BC98BC100BF7E33 /* NetworkManager.swift */,
			);
			path = NetworkLayer;
			sourceTree = "<group>";
		};
		C380F2BD2BC989B600BF7E33 /* ViewModel */ = {
			isa = PBXGroup;
			children = (
				C380F2C92BC997EA00BF7E33 /* HomeViewModel.swift */,
			);
			path = ViewModel;
			sourceTree = "<group>";
		};
		C380F2BE2BC989C900BF7E33 /* View */ = {
			isa = PBXGroup;
			children = (
				C3F666C12BC71272009AFAD9 /* HomeViewController.swift */,
				C380F2CC2BC9987800BF7E33 /* HomeViewController+MapView.swift */,
			);
			path = View;
			sourceTree = "<group>";
		};
		C380F2BF2BC989CD00BF7E33 /* Model */ = {
			isa = PBXGroup;
			children = (
				C380F2CE2BC99A7900BF7E33 /* Bus.swift */,
			);
			path = Model;
			sourceTree = "<group>";
		};
		C3F666B12BC71272009AFAD9 = {
			isa = PBXGroup;
			children = (
				C3F666BC2BC71272009AFAD9 /* RingApp */,
				C3F666BB2BC71272009AFAD9 /* Products */,
			);
			sourceTree = "<group>";
		};
		C3F666BB2BC71272009AFAD9 /* Products */ = {
			isa = PBXGroup;
			children = (
				C3F666BA2BC71272009AFAD9 /* RingApp.app */,
			);
			name = Products;
			sourceTree = "<group>";
		};
		C3F666BC2BC71272009AFAD9 /* RingApp */ = {
			isa = PBXGroup;
			children = (
				C380F2BB2BC9897700BF7E33 /* Core */,
				C380F2BA2BC9897000BF7E33 /* Feature */,
				C3F666C32BC71272009AFAD9 /* Main.storyboard */,
				C3F666C82BC71273009AFAD9 /* LaunchScreen.storyboard */,
				C3F666CB2BC71273009AFAD9 /* Info.plist */,
			);
			path = RingApp;
			sourceTree = "<group>";
		};
/* End PBXGroup section */

/* Begin PBXNativeTarget section */
		C3F666B92BC71272009AFAD9 /* RingApp */ = {
			isa = PBXNativeTarget;
			buildConfigurationList = C3F666CE2BC71273009AFAD9 /* Build configuration list for PBXNativeTarget "RingApp" */;
			buildPhases = (
				C3F666B62BC71272009AFAD9 /* Sources */,
				C3F666B72BC71272009AFAD9 /* Frameworks */,
				C3F666B82BC71272009AFAD9 /* Resources */,
			);
			buildRules = (
			);
			dependencies = (
			);
			name = RingApp;
			packageProductDependencies = (
				C380F2C12BC98B3A00BF7E33 /* Alamofire */,
				C380F2C32BC98B3A00BF7E33 /* AlamofireDynamic */,
			);
			productName = RingApp;
			productReference = C3F666BA2BC71272009AFAD9 /* RingApp.app */;
			productType = "com.apple.product-type.application";
		};
/* End PBXNativeTarget section */

/* Begin PBXProject section */
		C3F666B22BC71272009AFAD9 /* Project object */ = {
			isa = PBXProject;
			attributes = {
				BuildIndependentTargetsInParallel = 1;
				LastSwiftUpdateCheck = 1520;
				LastUpgradeCheck = 1520;
				TargetAttributes = {
					C3F666B92BC71272009AFAD9 = {
						CreatedOnToolsVersion = 15.2;
					};
				};
			};
			buildConfigurationList = C3F666B52BC71272009AFAD9 /* Build configuration list for PBXProject "RingApp" */;
			compatibilityVersion = "Xcode 14.0";
			developmentRegion = en;
			hasScannedForEncodings = 0;
			knownRegions = (
				en,
				Base,
			);
			mainGroup = C3F666B12BC71272009AFAD9;
			packageReferences = (
				C380F2C02BC98B3A00BF7E33 /* XCRemoteSwiftPackageReference "Alamofire" */,
			);
			productRefGroup = C3F666BB2BC71272009AFAD9 /* Products */;
			projectDirPath = "";
			projectRoot = "";
			targets = (
				C3F666B92BC71272009AFAD9 /* RingApp */,
			);
		};
/* End PBXProject section */

/* Begin PBXResourcesBuildPhase section */
		C3F666B82BC71272009AFAD9 /* Resources */ = {
			isa = PBXResourcesBuildPhase;
			buildActionMask = 2147483647;
			files = (
				C3F666CA2BC71273009AFAD9 /* LaunchScreen.storyboard in Resources */,
				C3F666C72BC71273009AFAD9 /* Assets.xcassets in Resources */,
				C3F666C52BC71272009AFAD9 /* Main.storyboard in Resources */,
			);
			runOnlyForDeploymentPostprocessing = 0;
		};
/* End PBXResourcesBuildPhase section */

/* Begin PBXSourcesBuildPhase section */
		C3F666B62BC71272009AFAD9 /* Sources */ = {
			isa = PBXSourcesBuildPhase;
			buildActionMask = 2147483647;
			files = (
				C380F2CD2BC9987800BF7E33 /* HomeViewController+MapView.swift in Sources */,
				C380F2C62BC98B9B00BF7E33 /* NetworkHelper.swift in Sources */,
				C380F2CA2BC997EA00BF7E33 /* HomeViewModel.swift in Sources */,
				C3F666C22BC71272009AFAD9 /* HomeViewController.swift in Sources */,
				C380F2C82BC98BC100BF7E33 /* NetworkManager.swift in Sources */,
				C3F666BE2BC71272009AFAD9 /* AppDelegate.swift in Sources */,
				C380F2CF2BC99A7900BF7E33 /* Bus.swift in Sources */,
				C3F666C02BC71272009AFAD9 /* SceneDelegate.swift in Sources */,
			);
			runOnlyForDeploymentPostprocessing = 0;
		};
/* End PBXSourcesBuildPhase section */

/* Begin PBXVariantGroup section */
		C3F666C32BC71272009AFAD9 /* Main.storyboard */ = {
			isa = PBXVariantGroup;
			children = (
				C3F666C42BC71272009AFAD9 /* Base */,
			);
			name = Main.storyboard;
			sourceTree = "<group>";
		};
		C3F666C82BC71273009AFAD9 /* LaunchScreen.storyboard */ = {
			isa = PBXVariantGroup;
			children = (
				C3F666C92BC71273009AFAD9 /* Base */,
			);
			name = LaunchScreen.storyboard;
			sourceTree = "<group>";
		};
/* End PBXVariantGroup section */

/* Begin XCBuildConfiguration section */
		C3F666CC2BC71273009AFAD9 /* Debug */ = {
			isa = XCBuildConfiguration;
			buildSettings = {
				ALWAYS_SEARCH_USER_PATHS = NO;
				ASSETCATALOG_COMPILER_GENERATE_SWIFT_ASSET_SYMBOL_EXTENSIONS = YES;
				CLANG_ANALYZER_NONNULL = YES;
				CLANG_ANALYZER_NUMBER_OBJECT_CONVERSION = YES_AGGRESSIVE;
				CLANG_CXX_LANGUAGE_STANDARD = "gnu++20";
				CLANG_ENABLE_MODULES = YES;
				CLANG_ENABLE_OBJC_ARC = YES;
				CLANG_ENABLE_OBJC_WEAK = YES;
				CLANG_WARN_BLOCK_CAPTURE_AUTORELEASING = YES;
				CLANG_WARN_BOOL_CONVERSION = YES;
				CLANG_WARN_COMMA = YES;
				CLANG_WARN_CONSTANT_CONVERSION = YES;
				CLANG_WARN_DEPRECATED_OBJC_IMPLEMENTATIONS = YES;
				CLANG_WARN_DIRECT_OBJC_ISA_USAGE = YES_ERROR;
				CLANG_WARN_DOCUMENTATION_COMMENTS = YES;
				CLANG_WARN_EMPTY_BODY = YES;
				CLANG_WARN_ENUM_CONVERSION = YES;
				CLANG_WARN_INFINITE_RECURSION = YES;
				CLANG_WARN_INT_CONVERSION = YES;
				CLANG_WARN_NON_LITERAL_NULL_CONVERSION = YES;
				CLANG_WARN_OBJC_IMPLICIT_RETAIN_SELF = YES;
				CLANG_WARN_OBJC_LITERAL_CONVERSION = YES;
				CLANG_WARN_OBJC_ROOT_CLASS = YES_ERROR;
				CLANG_WARN_QUOTED_INCLUDE_IN_FRAMEWORK_HEADER = YES;
				CLANG_WARN_RANGE_LOOP_ANALYSIS = YES;
				CLANG_WARN_STRICT_PROTOTYPES = YES;
				CLANG_WARN_SUSPICIOUS_MOVE = YES;
				CLANG_WARN_UNGUARDED_AVAILABILITY = YES_AGGRESSIVE;
				CLANG_WARN_UNREACHABLE_CODE = YES;
				CLANG_WARN__DUPLICATE_METHOD_MATCH = YES;
				COPY_PHASE_STRIP = NO;
				DEBUG_INFORMATION_FORMAT = dwarf;
				ENABLE_STRICT_OBJC_MSGSEND = YES;
				ENABLE_TESTABILITY = YES;
				ENABLE_USER_SCRIPT_SANDBOXING = YES;
				GCC_C_LANGUAGE_STANDARD = gnu17;
				GCC_DYNAMIC_NO_PIC = NO;
				GCC_NO_COMMON_BLOCKS = YES;
				GCC_OPTIMIZATION_LEVEL = 0;
				GCC_PREPROCESSOR_DEFINITIONS = (
					"DEBUG=1",
					"$(inherited)",
				);
				GCC_WARN_64_TO_32_BIT_CONVERSION = YES;
				GCC_WARN_ABOUT_RETURN_TYPE = YES_ERROR;
				GCC_WARN_UNDECLARED_SELECTOR = YES;
				GCC_WARN_UNINITIALIZED_AUTOS = YES_AGGRESSIVE;
				GCC_WARN_UNUSED_FUNCTION = YES;
				GCC_WARN_UNUSED_VARIABLE = YES;
				IPHONEOS_DEPLOYMENT_TARGET = 17.2;
				LOCALIZATION_PREFERS_STRING_CATALOGS = YES;
				MTL_ENABLE_DEBUG_INFO = INCLUDE_SOURCE;
				MTL_FAST_MATH = YES;
				ONLY_ACTIVE_ARCH = YES;
				SDKROOT = iphoneos;
				SWIFT_ACTIVE_COMPILATION_CONDITIONS = "DEBUG $(inherited)";
				SWIFT_OPTIMIZATION_LEVEL = "-Onone";
			};
			name = Debug;
		};
		C3F666CD2BC71273009AFAD9 /* Release */ = {
			isa = XCBuildConfiguration;
			buildSettings = {
				ALWAYS_SEARCH_USER_PATHS = NO;
				ASSETCATALOG_COMPILER_GENERATE_SWIFT_ASSET_SYMBOL_EXTENSIONS = YES;
				CLANG_ANALYZER_NONNULL = YES;
				CLANG_ANALYZER_NUMBER_OBJECT_CONVERSION = YES_AGGRESSIVE;
				CLANG_CXX_LANGUAGE_STANDARD = "gnu++20";
				CLANG_ENABLE_MODULES = YES;
				CLANG_ENABLE_OBJC_ARC = YES;
				CLANG_ENABLE_OBJC_WEAK = YES;
				CLANG_WARN_BLOCK_CAPTURE_AUTORELEASING = YES;
				CLANG_WARN_BOOL_CONVERSION = YES;
				CLANG_WARN_COMMA = YES;
				CLANG_WARN_CONSTANT_CONVERSION = YES;
				CLANG_WARN_DEPRECATED_OBJC_IMPLEMENTATIONS = YES;
				CLANG_WARN_DIRECT_OBJC_ISA_USAGE = YES_ERROR;
				CLANG_WARN_DOCUMENTATION_COMMENTS = YES;
				CLANG_WARN_EMPTY_BODY = YES;
				CLANG_WARN_ENUM_CONVERSION = YES;
				CLANG_WARN_INFINITE_RECURSION = YES;
				CLANG_WARN_INT_CONVERSION = YES;
				CLANG_WARN_NON_LITERAL_NULL_CONVERSION = YES;
				CLANG_WARN_OBJC_IMPLICIT_RETAIN_SELF = YES;
				CLANG_WARN_OBJC_LITERAL_CONVERSION = YES;
				CLANG_WARN_OBJC_ROOT_CLASS = YES_ERROR;
				CLANG_WARN_QUOTED_INCLUDE_IN_FRAMEWORK_HEADER = YES;
				CLANG_WARN_RANGE_LOOP_ANALYSIS = YES;
				CLANG_WARN_STRICT_PROTOTYPES = YES;
				CLANG_WARN_SUSPICIOUS_MOVE = YES;
				CLANG_WARN_UNGUARDED_AVAILABILITY = YES_AGGRESSIVE;
				CLANG_WARN_UNREACHABLE_CODE = YES;
				CLANG_WARN__DUPLICATE_METHOD_MATCH = YES;
				COPY_PHASE_STRIP = NO;
				DEBUG_INFORMATION_FORMAT = "dwarf-with-dsym";
				ENABLE_NS_ASSERTIONS = NO;
				ENABLE_STRICT_OBJC_MSGSEND = YES;
				ENABLE_USER_SCRIPT_SANDBOXING = YES;
				GCC_C_LANGUAGE_STANDARD = gnu17;
				GCC_NO_COMMON_BLOCKS = YES;
				GCC_WARN_64_TO_32_BIT_CONVERSION = YES;
				GCC_WARN_ABOUT_RETURN_TYPE = YES_ERROR;
				GCC_WARN_UNDECLARED_SELECTOR = YES;
				GCC_WARN_UNINITIALIZED_AUTOS = YES_AGGRESSIVE;
				GCC_WARN_UNUSED_FUNCTION = YES;
				GCC_WARN_UNUSED_VARIABLE = YES;
				IPHONEOS_DEPLOYMENT_TARGET = 17.2;
				LOCALIZATION_PREFERS_STRING_CATALOGS = YES;
				MTL_ENABLE_DEBUG_INFO = NO;
				MTL_FAST_MATH = YES;
				SDKROOT = iphoneos;
				SWIFT_COMPILATION_MODE = wholemodule;
				VALIDATE_PRODUCT = YES;
			};
			name = Release;
		};
		C3F666CF2BC71273009AFAD9 /* Debug */ = {
			isa = XCBuildConfiguration;
			buildSettings = {
				ASSETCATALOG_COMPILER_APPICON_NAME = AppIcon;
				ASSETCATALOG_COMPILER_GLOBAL_ACCENT_COLOR_NAME = AccentColor;
				CODE_SIGN_STYLE = Automatic;
				CURRENT_PROJECT_VERSION = 1;
				DEVELOPMENT_TEAM = US4P6S3B5V;
				GENERATE_INFOPLIST_FILE = YES;
				INFOPLIST_FILE = RingApp/Info.plist;
				INFOPLIST_KEY_UIApplicationSupportsIndirectInputEvents = YES;
				INFOPLIST_KEY_UILaunchStoryboardName = LaunchScreen;
				INFOPLIST_KEY_UIMainStoryboardFile = Main;
				INFOPLIST_KEY_UISupportedInterfaceOrientations_iPad = "UIInterfaceOrientationPortrait UIInterfaceOrientationPortraitUpsideDown UIInterfaceOrientationLandscapeLeft UIInterfaceOrientationLandscapeRight";
				INFOPLIST_KEY_UISupportedInterfaceOrientations_iPhone = "UIInterfaceOrientationPortrait UIInterfaceOrientationLandscapeLeft UIInterfaceOrientationLandscapeRight";
				LD_RUNPATH_SEARCH_PATHS = (
					"$(inherited)",
					"@executable_path/Frameworks",
				);
				MARKETING_VERSION = 1.0;
				PRODUCT_BUNDLE_IDENTIFIER = com.emre.RingApp;
				PRODUCT_NAME = "$(TARGET_NAME)";
				SWIFT_EMIT_LOC_STRINGS = YES;
				SWIFT_VERSION = 5.0;
				TARGETED_DEVICE_FAMILY = "1,2";
			};
			name = Debug;
		};
		C3F666D02BC71273009AFAD9 /* Release */ = {
			isa = XCBuildConfiguration;
			buildSettings = {
				ASSETCATALOG_COMPILER_APPICON_NAME = AppIcon;
				ASSETCATALOG_COMPILER_GLOBAL_ACCENT_COLOR_NAME = AccentColor;
				CODE_SIGN_STYLE = Automatic;
				CURRENT_PROJECT_VERSION = 1;
				DEVELOPMENT_TEAM = US4P6S3B5V;
				GENERATE_INFOPLIST_FILE = YES;
				INFOPLIST_FILE = RingApp/Info.plist;
				INFOPLIST_KEY_UIApplicationSupportsIndirectInputEvents = YES;
				INFOPLIST_KEY_UILaunchStoryboardName = LaunchScreen;
				INFOPLIST_KEY_UIMainStoryboardFile = Main;
				INFOPLIST_KEY_UISupportedInterfaceOrientations_iPad = "UIInterfaceOrientationPortrait UIInterfaceOrientationPortraitUpsideDown UIInterfaceOrientationLandscapeLeft UIInterfaceOrientationLandscapeRight";
				INFOPLIST_KEY_UISupportedInterfaceOrientations_iPhone = "UIInterfaceOrientationPortrait UIInterfaceOrientationLandscapeLeft UIInterfaceOrientationLandscapeRight";
				LD_RUNPATH_SEARCH_PATHS = (
					"$(inherited)",
					"@executable_path/Frameworks",
				);
				MARKETING_VERSION = 1.0;
				PRODUCT_BUNDLE_IDENTIFIER = com.emre.RingApp;
				PRODUCT_NAME = "$(TARGET_NAME)";
				SWIFT_EMIT_LOC_STRINGS = YES;
				SWIFT_VERSION = 5.0;
				TARGETED_DEVICE_FAMILY = "1,2";
			};
			name = Release;
		};
/* End XCBuildConfiguration section */

/* Begin XCConfigurationList section */
		C3F666B52BC71272009AFAD9 /* Build configuration list for PBXProject "RingApp" */ = {
			isa = XCConfigurationList;
			buildConfigurations = (
				C3F666CC2BC71273009AFAD9 /* Debug */,
				C3F666CD2BC71273009AFAD9 /* Release */,
			);
			defaultConfigurationIsVisible = 0;
			defaultConfigurationName = Release;
		};
		C3F666CE2BC71273009AFAD9 /* Build configuration list for PBXNativeTarget "RingApp" */ = {
			isa = XCConfigurationList;
			buildConfigurations = (
				C3F666CF2BC71273009AFAD9 /* Debug */,
				C3F666D02BC71273009AFAD9 /* Release */,
			);
			defaultConfigurationIsVisible = 0;
			defaultConfigurationName = Release;
		};
/* End XCConfigurationList section */

/* Begin XCRemoteSwiftPackageReference section */
		C380F2C02BC98B3A00BF7E33 /* XCRemoteSwiftPackageReference "Alamofire" */ = {
			isa = XCRemoteSwiftPackageReference;
			repositoryURL = "https://github.com/Alamofire/Alamofire";
			requirement = {
				kind = upToNextMajorVersion;
				minimumVersion = 5.9.1;
			};
		};
/* End XCRemoteSwiftPackageReference section */

/* Begin XCSwiftPackageProductDependency section */
		C380F2C12BC98B3A00BF7E33 /* Alamofire */ = {
			isa = XCSwiftPackageProductDependency;
			package = C380F2C02BC98B3A00BF7E33 /* XCRemoteSwiftPackageReference "Alamofire" */;
			productName = Alamofire;
		};
		C380F2C32BC98B3A00BF7E33 /* AlamofireDynamic */ = {
			isa = XCSwiftPackageProductDependency;
			package = C380F2C02BC98B3A00BF7E33 /* XCRemoteSwiftPackageReference "Alamofire" */;
			productName = AlamofireDynamic;
		};
/* End XCSwiftPackageProductDependency section */
	};
	rootObject = C3F666B22BC71272009AFAD9 /* Project object */;
}
